
Microsoft Visual Studio Solution File, Format Version 12.00
# Visual Studio 2017
Project("{FAE04EC0-301F-11D3-BF4B-00C04F79EFBC}") = "MyXMLJsonTest", "MyXMLJsonTest.csproj", "{DE20AF6D-B903-937D-1BD9-9547B712845D}"
EndProject
Global
	GlobalSection(SolutionConfigurationPlatforms) = preSolution
		Debug|Any CPU = Debug|Any CPU
		Release|Any CPU = Release|Any CPU
	EndGlobalSection
	GlobalSection(ProjectConfigurationPlatforms) = postSolution
		{DE20AF6D-B903-937D-1BD9-9547B712845D}.Debug|Any CPU.ActiveCfg = Debug|Any CPU
		{DE20AF6D-B903-937D-1BD9-9547B712845D}.Debug|Any CPU.Build.0 = Debug|Any CPU
		{DE20AF6D-B903-937D-1BD9-9547B712845D}.Release|Any CPU.ActiveCfg = Release|Any CPU
		{DE20AF6D-B903-937D-1BD9-9547B712845D}.Release|Any CPU.Build.0 = Release|Any CPU
	EndGlobalSection
	GlobalSection(SolutionProperties) = preSolution
		HideSolutionNode = FALSE
	EndGlobalSection
EndGlobal
